// !$*UTF8*$!
{
	archiveVersion = 1;
	classes = {
	};
	objectVersion = 46;
	objects = {

/* Begin PBXBuildFile section */
		BC2C80221CC32F3200E3D114 /* AppDelegate.swift in Sources */ = {isa = PBXBuildFile; fileRef = BC2C80211CC32F3200E3D114 /* AppDelegate.swift */; };
		BC2C80241CC32F3200E3D114 /* ViewController.swift in Sources */ = {isa = PBXBuildFile; fileRef = BC2C80231CC32F3200E3D114 /* ViewController.swift */; };
		BC2C80271CC32F3200E3D114 /* Main.storyboard in Resources */ = {isa = PBXBuildFile; fileRef = BC2C80251CC32F3200E3D114 /* Main.storyboard */; };
		BC2C80291CC32F3200E3D114 /* Assets.xcassets in Resources */ = {isa = PBXBuildFile; fileRef = BC2C80281CC32F3200E3D114 /* Assets.xcassets */; };
		BC2C802C1CC32F3200E3D114 /* LaunchScreen.storyboard in Resources */ = {isa = PBXBuildFile; fileRef = BC2C802A1CC32F3200E3D114 /* LaunchScreen.storyboard */; };
		BC2C80371CC32F3200E3D114 /* CheckPleaseTests.swift in Sources */ = {isa = PBXBuildFile; fileRef = BC2C80361CC32F3200E3D114 /* CheckPleaseTests.swift */; };
		BC2C80421CC32F3200E3D114 /* CheckPleaseUITests.swift in Sources */ = {isa = PBXBuildFile; fileRef = BC2C80411CC32F3200E3D114 /* CheckPleaseUITests.swift */; };
		BC2C80501CC3304D00E3D114 /* CheckMarkRecognizer.swift in Sources */ = {isa = PBXBuildFile; fileRef = BC2C804F1CC3304D00E3D114 /* CheckMarkRecognizer.swift */; };
/* End PBXBuildFile section */

/* Begin PBXContainerItemProxy section */
		BC2C80331CC32F3200E3D114 /* PBXContainerItemProxy */ = {
			isa = PBXContainerItemProxy;
			containerPortal = BC2C80161CC32F3200E3D114 /* Project object */;
			proxyType = 1;
			remoteGlobalIDString = BC2C801D1CC32F3200E3D114;
			remoteInfo = CheckPlease;
		};
		BC2C803E1CC32F3200E3D114 /* PBXContainerItemProxy */ = {
			isa = PBXContainerItemProxy;
			containerPortal = BC2C80161CC32F3200E3D114 /* Project object */;
			proxyType = 1;
			remoteGlobalIDString = BC2C801D1CC32F3200E3D114;
			remoteInfo = CheckPlease;
		};
/* End PBXContainerItemProxy section */

/* Begin PBXFileReference section */
		BC2C801E1CC32F3200E3D114 /* CheckPlease.app */ = {isa = PBXFileReference; explicitFileType = wrapper.application; includeInIndex = 0; path = CheckPlease.app; sourceTree = BUILT_PRODUCTS_DIR; };
		BC2C80211CC32F3200E3D114 /* AppDelegate.swift */ = {isa = PBXFileReference; lastKnownFileType = sourcecode.swift; path = AppDelegate.swift; sourceTree = "<group>"; };
		BC2C80231CC32F3200E3D114 /* ViewController.swift */ = {isa = PBXFileReference; lastKnownFileType = sourcecode.swift; path = ViewController.swift; sourceTree = "<group>"; };
		BC2C80261CC32F3200E3D114 /* Base */ = {isa = PBXFileReference; lastKnownFileType = file.storyboard; name = Base; path = Base.lproj/Main.storyboard; sourceTree = "<group>"; };
		BC2C80281CC32F3200E3D114 /* Assets.xcassets */ = {isa = PBXFileReference; lastKnownFileType = folder.assetcatalog; path = Assets.xcassets; sourceTree = "<group>"; };
		BC2C802B1CC32F3200E3D114 /* Base */ = {isa = PBXFileReference; lastKnownFileType = file.storyboard; name = Base; path = Base.lproj/LaunchScreen.storyboard; sourceTree = "<group>"; };
		BC2C802D1CC32F3200E3D114 /* Info.plist */ = {isa = PBXFileReference; lastKnownFileType = text.plist.xml; path = Info.plist; sourceTree = "<group>"; };
		BC2C80321CC32F3200E3D114 /* CheckPleaseTests.xctest */ = {isa = PBXFileReference; explicitFileType = wrapper.cfbundle; includeInIndex = 0; path = CheckPleaseTests.xctest; sourceTree = BUILT_PRODUCTS_DIR; };
		BC2C80361CC32F3200E3D114 /* CheckPleaseTests.swift */ = {isa = PBXFileReference; lastKnownFileType = sourcecode.swift; path = CheckPleaseTests.swift; sourceTree = "<group>"; };
		BC2C80381CC32F3200E3D114 /* Info.plist */ = {isa = PBXFileReference; lastKnownFileType = text.plist.xml; path = Info.plist; sourceTree = "<group>"; };
		BC2C803D1CC32F3200E3D114 /* CheckPleaseUITests.xctest */ = {isa = PBXFileReference; explicitFileType = wrapper.cfbundle; includeInIndex = 0; path = CheckPleaseUITests.xctest; sourceTree = BUILT_PRODUCTS_DIR; };
		BC2C80411CC32F3200E3D114 /* CheckPleaseUITests.swift */ = {isa = PBXFileReference; lastKnownFileType = sourcecode.swift; path = CheckPleaseUITests.swift; sourceTree = "<group>"; };
		BC2C80431CC32F3200E3D114 /* Info.plist */ = {isa = PBXFileReference; lastKnownFileType = text.plist.xml; path = Info.plist; sourceTree = "<group>"; };
		BC2C804F1CC3304D00E3D114 /* CheckMarkRecognizer.swift */ = {isa = PBXFileReference; fileEncoding = 4; lastKnownFileType = sourcecode.swift; name = CheckMarkRecognizer.swift; path = ../../CheckMarkRecognizer.swift; sourceTree = "<group>"; };
/* End PBXFileReference section */

/* Begin PBXFrameworksBuildPhase section */
		BC2C801B1CC32F3200E3D114 /* Frameworks */ = {
			isa = PBXFrameworksBuildPhase;
			buildActionMask = 2147483647;
			files = (
			);
			runOnlyForDeploymentPostprocessing = 0;
		};
		BC2C802F1CC32F3200E3D114 /* Frameworks */ = {
			isa = PBXFrameworksBuildPhase;
			buildActionMask = 2147483647;
			files = (
			);
			runOnlyForDeploymentPostprocessing = 0;
		};
		BC2C803A1CC32F3200E3D114 /* Frameworks */ = {
			isa = PBXFrameworksBuildPhase;
			buildActionMask = 2147483647;
			files = (
			);
			runOnlyForDeploymentPostprocessing = 0;
		};
/* End PBXFrameworksBuildPhase section */

/* Begin PBXGroup section */
		BC2C80151CC32F3200E3D114 = {
			isa = PBXGroup;
			children = (
				BC2C80201CC32F3200E3D114 /* CheckPlease */,
				BC2C80351CC32F3200E3D114 /* CheckPleaseTests */,
				BC2C80401CC32F3200E3D114 /* CheckPleaseUITests */,
				BC2C801F1CC32F3200E3D114 /* Products */,
			);
			sourceTree = "<group>";
		};
		BC2C801F1CC32F3200E3D114 /* Products */ = {
			isa = PBXGroup;
			children = (
				BC2C801E1CC32F3200E3D114 /* CheckPlease.app */,
				BC2C80321CC32F3200E3D114 /* CheckPleaseTests.xctest */,
				BC2C803D1CC32F3200E3D114 /* CheckPleaseUITests.xctest */,
			);
			name = Products;
			sourceTree = "<group>";
		};
		BC2C80201CC32F3200E3D114 /* CheckPlease */ = {
			isa = PBXGroup;
			children = (
				BC2C80211CC32F3200E3D114 /* AppDelegate.swift */,
				BC2C80231CC32F3200E3D114 /* ViewController.swift */,
				BC2C80251CC32F3200E3D114 /* Main.storyboard */,
				BC2C80281CC32F3200E3D114 /* Assets.xcassets */,
				BC2C802A1CC32F3200E3D114 /* LaunchScreen.storyboard */,
				BC2C802D1CC32F3200E3D114 /* Info.plist */,
				BC2C804F1CC3304D00E3D114 /* CheckMarkRecognizer.swift */,
			);
			path = CheckPlease;
			sourceTree = "<group>";
		};
		BC2C80351CC32F3200E3D114 /* CheckPleaseTests */ = {
			isa = PBXGroup;
			children = (
				BC2C80361CC32F3200E3D114 /* CheckPleaseTests.swift */,
				BC2C80381CC32F3200E3D114 /* Info.plist */,
			);
			path = CheckPleaseTests;
			sourceTree = "<group>";
		};
		BC2C80401CC32F3200E3D114 /* CheckPleaseUITests */ = {
			isa = PBXGroup;
			children = (
				BC2C80411CC32F3200E3D114 /* CheckPleaseUITests.swift */,
				BC2C80431CC32F3200E3D114 /* Info.plist */,
			);
			path = CheckPleaseUITests;
			sourceTree = "<group>";
		};
/* End PBXGroup section */

/* Begin PBXNativeTarget section */
		BC2C801D1CC32F3200E3D114 /* CheckPlease */ = {
			isa = PBXNativeTarget;
			buildConfigurationList = BC2C80461CC32F3200E3D114 /* Build configuration list for PBXNativeTarget "CheckPlease" */;
			buildPhases = (
				BC2C801A1CC32F3200E3D114 /* Sources */,
				BC2C801B1CC32F3200E3D114 /* Frameworks */,
				BC2C801C1CC32F3200E3D114 /* Resources */,
			);
			buildRules = (
			);
			dependencies = (
			);
			name = CheckPlease;
			productName = CheckPlease;
			productReference = BC2C801E1CC32F3200E3D114 /* CheckPlease.app */;
			productType = "com.apple.product-type.application";
		};
		BC2C80311CC32F3200E3D114 /* CheckPleaseTests */ = {
			isa = PBXNativeTarget;
			buildConfigurationList = BC2C80491CC32F3200E3D114 /* Build configuration list for PBXNativeTarget "CheckPleaseTests" */;
			buildPhases = (
				BC2C802E1CC32F3200E3D114 /* Sources */,
				BC2C802F1CC32F3200E3D114 /* Frameworks */,
				BC2C80301CC32F3200E3D114 /* Resources */,
			);
			buildRules = (
			);
			dependencies = (
				BC2C80341CC32F3200E3D114 /* PBXTargetDependency */,
			);
			name = CheckPleaseTests;
			productName = CheckPleaseTests;
			productReference = BC2C80321CC32F3200E3D114 /* CheckPleaseTests.xctest */;
			productType = "com.apple.product-type.bundle.unit-test";
		};
		BC2C803C1CC32F3200E3D114 /* CheckPleaseUITests */ = {
			isa = PBXNativeTarget;
			buildConfigurationList = BC2C804C1CC32F3200E3D114 /* Build configuration list for PBXNativeTarget "CheckPleaseUITests" */;
			buildPhases = (
				BC2C80391CC32F3200E3D114 /* Sources */,
				BC2C803A1CC32F3200E3D114 /* Frameworks */,
				BC2C803B1CC32F3200E3D114 /* Resources */,
			);
			buildRules = (
			);
			dependencies = (
				BC2C803F1CC32F3200E3D114 /* PBXTargetDependency */,
			);
			name = CheckPleaseUITests;
			productName = CheckPleaseUITests;
			productReference = BC2C803D1CC32F3200E3D114 /* CheckPleaseUITests.xctest */;
			productType = "com.apple.product-type.bundle.ui-testing";
		};
/* End PBXNativeTarget section */

/* Begin PBXProject section */
		BC2C80161CC32F3200E3D114 /* Project object */ = {
			isa = PBXProject;
			attributes = {
				LastSwiftUpdateCheck = 0720;
				LastUpgradeCheck = 0720;
				ORGANIZATIONNAME = "Steve D'Amico";
				TargetAttributes = {
					BC2C801D1CC32F3200E3D114 = {
						CreatedOnToolsVersion = 7.2.1;
					};
					BC2C80311CC32F3200E3D114 = {
						CreatedOnToolsVersion = 7.2.1;
						TestTargetID = BC2C801D1CC32F3200E3D114;
					};
					BC2C803C1CC32F3200E3D114 = {
						CreatedOnToolsVersion = 7.2.1;
						TestTargetID = BC2C801D1CC32F3200E3D114;
					};
				};
			};
			buildConfigurationList = BC2C80191CC32F3200E3D114 /* Build configuration list for PBXProject "CheckPlease" */;
			compatibilityVersion = "Xcode 3.2";
			developmentRegion = English;
			hasScannedForEncodings = 0;
			knownRegions = (
				en,
				Base,
			);
			mainGroup = BC2C80151CC32F3200E3D114;
			productRefGroup = BC2C801F1CC32F3200E3D114 /* Products */;
			projectDirPath = "";
			projectRoot = "";
			targets = (
				BC2C801D1CC32F3200E3D114 /* CheckPlease */,
				BC2C80311CC32F3200E3D114 /* CheckPleaseTests */,
				BC2C803C1CC32F3200E3D114 /* CheckPleaseUITests */,
			);
		};
/* End PBXProject section */

/* Begin PBXResourcesBuildPhase section */
		BC2C801C1CC32F3200E3D114 /* Resources */ = {
			isa = PBXResourcesBuildPhase;
			buildActionMask = 2147483647;
			files = (
				BC2C802C1CC32F3200E3D114 /* LaunchScreen.storyboard in Resources */,
				BC2C80291CC32F3200E3D114 /* Assets.xcassets in Resources */,
				BC2C80271CC32F3200E3D114 /* Main.storyboard in Resources */,
			);
			runOnlyForDeploymentPostprocessing = 0;
		};
		BC2C80301CC32F3200E3D114 /* Resources */ = {
			isa = PBXResourcesBuildPhase;
			buildActionMask = 2147483647;
			files = (
			);
			runOnlyForDeploymentPostprocessing = 0;
		};
		BC2C803B1CC32F3200E3D114 /* Resources */ = {
			isa = PBXResourcesBuildPhase;
			buildActionMask = 2147483647;
			files = (
			);
			runOnlyForDeploymentPostprocessing = 0;
		};
/* End PBXResourcesBuildPhase section */

/* Begin PBXSourcesBuildPhase section */
		BC2C801A1CC32F3200E3D114 /* Sources */ = {
			isa = PBXSourcesBuildPhase;
			buildActionMask = 2147483647;
			files = (
				BC2C80241CC32F3200E3D114 /* ViewController.swift in Sources */,
				BC2C80501CC3304D00E3D114 /* CheckMarkRecognizer.swift in Sources */,
				BC2C80221CC32F3200E3D114 /* AppDelegate.swift in Sources */,
			);
			runOnlyForDeploymentPostprocessing = 0;
		};
		BC2C802E1CC32F3200E3D114 /* Sources */ = {
			isa = PBXSourcesBuildPhase;
			buildActionMask = 2147483647;
			files = (
				BC2C80371CC32F3200E3D114 /* CheckPleaseTests.swift in Sources */,
			);
			runOnlyForDeploymentPostprocessing = 0;
		};
		BC2C80391CC32F3200E3D114 /* Sources */ = {
			isa = PBXSourcesBuildPhase;
			buildActionMask = 2147483647;
			files = (
				BC2C80421CC32F3200E3D114 /* CheckPleaseUITests.swift in Sources */,
			);
			runOnlyForDeploymentPostprocessing = 0;
		};
/* End PBXSourcesBuildPhase section */

/* Begin PBXTargetDependency section */
		BC2C80341CC32F3200E3D114 /* PBXTargetDependency */ = {
			isa = PBXTargetDependency;
			target = BC2C801D1CC32F3200E3D114 /* CheckPlease */;
			targetProxy = BC2C80331CC32F3200E3D114 /* PBXContainerItemProxy */;
		};
		BC2C803F1CC32F3200E3D114 /* PBXTargetDependency */ = {
			isa = PBXTargetDependency;
			target = BC2C801D1CC32F3200E3D114 /* CheckPlease */;
			targetProxy = BC2C803E1CC32F3200E3D114 /* PBXContainerItemProxy */;
		};
/* End PBXTargetDependency section */

/* Begin PBXVariantGroup section */
		BC2C80251CC32F3200E3D114 /* Main.storyboard */ = {
			isa = PBXVariantGroup;
			children = (
				BC2C80261CC32F3200E3D114 /* Base */,
			);
			name = Main.storyboard;
			sourceTree = "<group>";
		};
		BC2C802A1CC32F3200E3D114 /* LaunchScreen.storyboard */ = {
			isa = PBXVariantGroup;
			children = (
				BC2C802B1CC32F3200E3D114 /* Base */,
			);
			name = LaunchScreen.storyboard;
			sourceTree = "<group>";
		};
/* End PBXVariantGroup section */

/* Begin XCBuildConfiguration section */
		BC2C80441CC32F3200E3D114 /* Debug */ = {
			isa = XCBuildConfiguration;
			buildSettings = {
				ALWAYS_SEARCH_USER_PATHS = NO;
				CLANG_CXX_LANGUAGE_STANDARD = "gnu++0x";
				CLANG_CXX_LIBRARY = "libc++";
				CLANG_ENABLE_MODULES = YES;
				CLANG_ENABLE_OBJC_ARC = YES;
				CLANG_WARN_BOOL_CONVERSION = YES;
				CLANG_WARN_CONSTANT_CONVERSION = YES;
				CLANG_WARN_DIRECT_OBJC_ISA_USAGE = YES_ERROR;
				CLANG_WARN_EMPTY_BODY = YES;
				CLANG_WARN_ENUM_CONVERSION = YES;
				CLANG_WARN_INT_CONVERSION = YES;
				CLANG_WARN_OBJC_ROOT_CLASS = YES_ERROR;
				CLANG_WARN_UNREACHABLE_CODE = YES;
				CLANG_WARN__DUPLICATE_METHOD_MATCH = YES;
				"CODE_SIGN_IDENTITY[sdk=iphoneos*]" = "iPhone Developer";
				COPY_PHASE_STRIP = NO;
				DEBUG_INFORMATION_FORMAT = dwarf;
				ENABLE_STRICT_OBJC_MSGSEND = YES;
				ENABLE_TESTABILITY = YES;
				GCC_C_LANGUAGE_STANDARD = gnu99;
				GCC_DYNAMIC_NO_PIC = NO;
				GCC_NO_COMMON_BLOCKS = YES;
				GCC_OPTIMIZATION_LEVEL = 0;
				GCC_PREPROCESSOR_DEFINITIONS = (
					"DEBUG=1",
					"$(inherited)",
				);
				GCC_WARN_64_TO_32_BIT_CONVERSION = YES;
				GCC_WARN_ABOUT_RETURN_TYPE = YES_ERROR;
				GCC_WARN_UNDECLARED_SELECTOR = YES;
				GCC_WARN_UNINITIALIZED_AUTOS = YES_AGGRESSIVE;
				GCC_WARN_UNUSED_FUNCTION = YES;
				GCC_WARN_UNUSED_VARIABLE = YES;
				IPHONEOS_DEPLOYMENT_TARGET = 9.2;
				MTL_ENABLE_DEBUG_INFO = YES;
				ONLY_ACTIVE_ARCH = YES;
				SDKROOT = iphoneos;
				SWIFT_OPTIMIZATION_LEVEL = "-Onone";
				TARGETED_DEVICE_FAMILY = "1,2";
			};
			name = Debug;
		};
		BC2C80451CC32F3200E3D114 /* Release */ = {
			isa = XCBuildConfiguration;
			buildSettings = {
				ALWAYS_SEARCH_USER_PATHS = NO;
				CLANG_CXX_LANGUAGE_STANDARD = "gnu++0x";
				CLANG_CXX_LIBRARY = "libc++";
				CLANG_ENABLE_MODULES = YES;
				CLANG_ENABLE_OBJC_ARC = YES;
				CLANG_WARN_BOOL_CONVERSION = YES;
				CLANG_WARN_CONSTANT_CONVERSION = YES;
				CLANG_WARN_DIRECT_OBJC_ISA_USAGE = YES_ERROR;
				CLANG_WARN_EMPTY_BODY = YES;
				CLANG_WARN_ENUM_CONVERSION = YES;
				CLANG_WARN_INT_CONVERSION = YES;
				CLANG_WARN_OBJC_ROOT_CLASS = YES_ERROR;
				CLANG_WARN_UNREACHABLE_CODE = YES;
				CLANG_WARN__DUPLICATE_METHOD_MATCH = YES;
				"CODE_SIGN_IDENTITY[sdk=iphoneos*]" = "iPhone Developer";
				COPY_PHASE_STRIP = NO;
				DEBUG_INFORMATION_FORMAT = "dwarf-with-dsym";
				ENABLE_NS_ASSERTIONS = NO;
				ENABLE_STRICT_OBJC_MSGSEND = YES;
				GCC_C_LANGUAGE_STANDARD = gnu99;
				GCC_NO_COMMON_BLOCKS = YES;
				GCC_WARN_64_TO_32_BIT_CONVERSION = YES;
				GCC_WARN_ABOUT_RETURN_TYPE = YES_ERROR;
				GCC_WARN_UNDECLARED_SELECTOR = YES;
				GCC_WARN_UNINITIALIZED_AUTOS = YES_AGGRESSIVE;
				GCC_WARN_UNUSED_FUNCTION = YES;
				GCC_WARN_UNUSED_VARIABLE = YES;
				IPHONEOS_DEPLOYMENT_TARGET = 9.2;
				MTL_ENABLE_DEBUG_INFO = NO;
				SDKROOT = iphoneos;
				TARGETED_DEVICE_FAMILY = "1,2";
				VALIDATE_PRODUCT = YES;
			};
			name = Release;
		};
		BC2C80471CC32F3200E3D114 /* Debug */ = {
			isa = XCBuildConfiguration;
			buildSettings = {
				ASSETCATALOG_COMPILER_APPICON_NAME = AppIcon;
				INFOPLIST_FILE = CheckPlease/Info.plist;
				LD_RUNPATH_SEARCH_PATHS = "$(inherited) @executable_path/Frameworks";
				PRODUCT_BUNDLE_IDENTIFIER = com.CTMI.CheckPlease;
				PRODUCT_NAME = "$(TARGET_NAME)";
			};
			name = Debug;
		};
		BC2C80481CC32F3200E3D114 /* Release */ = {
			isa = XCBuildConfiguration;
			buildSettings = {
				ASSETCATALOG_COMPILER_APPICON_NAME = AppIcon;
				INFOPLIST_FILE = CheckPlease/Info.plist;
				LD_RUNPATH_SEARCH_PATHS = "$(inherited) @executable_path/Frameworks";
				PRODUCT_BUNDLE_IDENTIFIER = com.CTMI.CheckPlease;
				PRODUCT_NAME = "$(TARGET_NAME)";
			};
			name = Release;
		};
		BC2C804A1CC32F3200E3D114 /* Debug */ = {
			isa = XCBuildConfiguration;
			buildSettings = {
				BUNDLE_LOADER = "$(TEST_HOST)";
				INFOPLIST_FILE = CheckPleaseTests/Info.plist;
				LD_RUNPATH_SEARCH_PATHS = "$(inherited) @executable_path/Frameworks @loader_path/Frameworks";
				PRODUCT_BUNDLE_IDENTIFIER = com.CTMI.CheckPleaseTests;
				PRODUCT_NAME = "$(TARGET_NAME)";
				TEST_HOST = "$(BUILT_PRODUCTS_DIR)/CheckPlease.app/CheckPlease";
			};
			name = Debug;
		};
		BC2C804B1CC32F3200E3D114 /* Release */ = {
			isa = XCBuildConfiguration;
			buildSettings = {
				BUNDLE_LOADER = "$(TEST_HOST)";
				INFOPLIST_FILE = CheckPleaseTests/Info.plist;
				LD_RUNPATH_SEARCH_PATHS = "$(inherited) @executable_path/Frameworks @loader_path/Frameworks";
				PRODUCT_BUNDLE_IDENTIFIER = com.CTMI.CheckPleaseTests;
				PRODUCT_NAME = "$(TARGET_NAME)";
				TEST_HOST = "$(BUILT_PRODUCTS_DIR)/CheckPlease.app/CheckPlease";
			};
			name = Release;
		};
		BC2C804D1CC32F3200E3D114 /* Debug */ = {
			isa = XCBuildConfiguration;
			buildSettings = {
				INFOPLIST_FILE = CheckPleaseUITests/Info.plist;
				LD_RUNPATH_SEARCH_PATHS = "$(inherited) @executable_path/Frameworks @loader_path/Frameworks";
				PRODUCT_BUNDLE_IDENTIFIER = com.CTMI.CheckPleaseUITests;
				PRODUCT_NAME = "$(TARGET_NAME)";
				TEST_TARGET_NAME = CheckPlease;
				USES_XCTRUNNER = YES;
			};
			name = Debug;
		};
		BC2C804E1CC32F3200E3D114 /* Release */ = {
			isa = XCBuildConfiguration;
			buildSettings = {
				INFOPLIST_FILE = CheckPleaseUITests/Info.plist;
				LD_RUNPATH_SEARCH_PATHS = "$(inherited) @executable_path/Frameworks @loader_path/Frameworks";
				PRODUCT_BUNDLE_IDENTIFIER = com.CTMI.CheckPleaseUITests;
				PRODUCT_NAME = "$(TARGET_NAME)";
				TEST_TARGET_NAME = CheckPlease;
				USES_XCTRUNNER = YES;
			};
			name = Release;
		};
/* End XCBuildConfiguration section */

/* Begin XCConfigurationList section */
		BC2C80191CC32F3200E3D114 /* Build configuration list for PBXProject "CheckPlease" */ = {
			isa = XCConfigurationList;
			buildConfigurations = (
				BC2C80441CC32F3200E3D114 /* Debug */,
				BC2C80451CC32F3200E3D114 /* Release */,
			);
			defaultConfigurationIsVisible = 0;
			defaultConfigurationName = Release;
		};
		BC2C80461CC32F3200E3D114 /* Build configuration list for PBXNativeTarget "CheckPlease" */ = {
			isa = XCConfigurationList;
			buildConfigurations = (
				BC2C80471CC32F3200E3D114 /* Debug */,
				BC2C80481CC32F3200E3D114 /* Release */,
			);
			defaultConfigurationIsVisible = 0;
		};
		BC2C80491CC32F3200E3D114 /* Build configuration list for PBXNativeTarget "CheckPleaseTests" */ = {
			isa = XCConfigurationList;
			buildConfigurations = (
				BC2C804A1CC32F3200E3D114 /* Debug */,
				BC2C804B1CC32F3200E3D114 /* Release */,
			);
			defaultConfigurationIsVisible = 0;
		};
		BC2C804C1CC32F3200E3D114 /* Build configuration list for PBXNativeTarget "CheckPleaseUITests" */ = {
			isa = XCConfigurationList;
			buildConfigurations = (
				BC2C804D1CC32F3200E3D114 /* Debug */,
				BC2C804E1CC32F3200E3D114 /* Release */,
			);
			defaultConfigurationIsVisible = 0;
		};
/* End XCConfigurationList section */
	};
	rootObject = BC2C80161CC32F3200E3D114 /* Project object */;
}
